
Microsoft Visual Studio Solution File, Format Version 12.00
Project("{F2A71F9B-5D33-465A-A702-920D77279786}") = "NamesGenerator", "NamesGenerator\NamesGenerator.fsproj", "{2F252572-792C-4E83-8FC7-E1E55E8707D4}"
EndProject
Project("{F2A71F9B-5D33-465A-A702-920D77279786}") = "NamesGenerator.Test", "NamesGenerator.Test\NamesGenerator.Test.fsproj", "{3F545B73-5FCE-4B6D-BAE3-99C670BFB2E1}"
EndProject
Global
	GlobalSection(SolutionConfigurationPlatforms) = preSolution
		Debug|Any CPU = Debug|Any CPU
		Release|Any CPU = Release|Any CPU
	EndGlobalSection
	GlobalSection(ProjectConfigurationPlatforms) = postSolution
		{2F252572-792C-4E83-8FC7-E1E55E8707D4}.Debug|Any CPU.ActiveCfg = Debug|Any CPU
		{2F252572-792C-4E83-8FC7-E1E55E8707D4}.Debug|Any CPU.Build.0 = Debug|Any CPU
		{2F252572-792C-4E83-8FC7-E1E55E8707D4}.Release|Any CPU.ActiveCfg = Release|Any CPU
		{2F252572-792C-4E83-8FC7-E1E55E8707D4}.Release|Any CPU.Build.0 = Release|Any CPU
		{3F545B73-5FCE-4B6D-BAE3-99C670BFB2E1}.Debug|Any CPU.ActiveCfg = Debug|Any CPU
		{3F545B73-5FCE-4B6D-BAE3-99C670BFB2E1}.Debug|Any CPU.Build.0 = Debug|Any CPU
		{3F545B73-5FCE-4B6D-BAE3-99C670BFB2E1}.Release|Any CPU.ActiveCfg = Release|Any CPU
		{3F545B73-5FCE-4B6D-BAE3-99C670BFB2E1}.Release|Any CPU.Build.0 = Release|Any CPU
	EndGlobalSection
EndGlobal
